{
  "name": "mock-service",
  "version": "1.0.0",
  "lockfileVersion": 1,
  "requires": true,
  "dependencies": {
    "file": {
      "version": "0.2.2",
      "resolved": "https://repo.rgt.corp-apps.com/nexus/repository/public-npm/file/-/file-0.2.2.tgz",
      "integrity": "sha1-w9/Y+M81Na5FXCtCPC5SY112tNM="
    }
  }
}
